{
  "name": "amalgamatr",
  "version": "1.0.0",
  "lockfileVersion": 1,
  "requires": true,
  "dependencies": {
    "tslib": {
      "version": "1.9.0",
      "resolved": "https://registry.npmjs.org/tslib/-/tslib-1.9.0.tgz",
      "integrity": "sha512-f/qGG2tUkrISBlQZEjEqoZ3B2+npJjIf04H1wuAv9iA8i04Icp+61KRXxFdha22670NJopsZCIjhC3SnjPRKrQ==",
      "dev": true
    },
    "tslint-microsoft-contrib": {
      "version": "5.0.3",
      "resolved": "https://registry.npmjs.org/tslint-microsoft-contrib/-/tslint-microsoft-contrib-5.0.3.tgz",
      "integrity": "sha512-5AnfTGlfpUzpRHLmoojPBKFTTmbjnwgdaTHMdllausa4GBPya5u36i9ddrTX4PhetGZvd4JUYIpAmgHqVnsctg==",
      "dev": true,
      "requires": {
        "tsutils": "2.26.1"
      }
    },
    "tsutils": {
      "version": "2.26.1",
      "resolved": "https://registry.npmjs.org/tsutils/-/tsutils-2.26.1.tgz",
      "integrity": "sha512-bnm9bcjOqOr1UljleL94wVCDlpa6KjfGaTkefeLch4GRafgDkROxPizbB/FxTEdI++5JqhxczRy/Qub0syNqZA==",
      "dev": true,
      "requires": {
        "tslib": "1.9.0"
      }
    }
  }
}
